{
  "requires": true,
  "lockfileVersion": 1,
  "dependencies": {
    "husky": {
      "version": "7.0.4",
      "resolved": "https://registry.npmjs.org/husky/-/husky-7.0.4.tgz",
      "integrity": "sha512-vbaCKN2QLtP/vD4yvs6iz6hBEo6wkSzs8HpRah1Z6aGmF2KW5PdYuAd7uX5a+OyBZHBhd+TFLqgjUgytQr4RvQ=="
    },
    "kdbush": {
      "version": "1.0.1",
      "resolved": "https://registry.npmjs.org/kdbush/-/kdbush-1.0.1.tgz",
      "integrity": "sha1-PL0D6d6tnA9vZszblkUOXOzGQOA="
    },
    "pigeon-cluster": {
      "version": "0.0.6",
      "resolved": "https://registry.npmjs.org/pigeon-cluster/-/pigeon-cluster-0.0.6.tgz",
      "integrity": "sha1-iHZgw/yGyWH7ywP+TIjS4RglDBc=",
      "requires": {
        "supercluster": "^2.2.0"
      }
    },
    "react-csv": {
      "version": "2.2.2",
      "resolved": "https://registry.npmjs.org/react-csv/-/react-csv-2.2.2.tgz",
      "integrity": "sha512-RG5hOcZKZFigIGE8LxIEV/OgS1vigFQT4EkaHeKgyuCbUAu9Nbd/1RYq++bJcJJ9VOqO/n9TZRADsXNDR4VEpw=="
    },
    "supercluster": {
      "version": "2.3.0",
      "resolved": "https://registry.npmjs.org/supercluster/-/supercluster-2.3.0.tgz",
      "integrity": "sha1-h6tWCBu+qaHXJN9TUe6ejDry9Is=",
      "requires": {
        "kdbush": "^1.0.1"
      }
    }
  }
}
